// !$*UTF8*$!
{
	archiveVersion = 1;
	classes = {
	};
	objectVersion = 50;
	objects = {

/* Begin PBXBuildFile section */
		DF0F849B2610044C008F7FB7 /* AppDelegate.swift in Sources */ = {isa = PBXBuildFile; fileRef = DF0F849A2610044C008F7FB7 /* AppDelegate.swift */; };
		DF0F849D2610044C008F7FB7 /* SceneDelegate.swift in Sources */ = {isa = PBXBuildFile; fileRef = DF0F849C2610044C008F7FB7 /* SceneDelegate.swift */; };
		DF0F849F2610044C008F7FB7 /* IntroViewController.swift in Sources */ = {isa = PBXBuildFile; fileRef = DF0F849E2610044C008F7FB7 /* IntroViewController.swift */; };
		DF0F84A22610044C008F7FB7 /* Main.storyboard in Resources */ = {isa = PBXBuildFile; fileRef = DF0F84A02610044C008F7FB7 /* Main.storyboard */; };
		DF0F84A42610044D008F7FB7 /* Assets.xcassets in Resources */ = {isa = PBXBuildFile; fileRef = DF0F84A32610044D008F7FB7 /* Assets.xcassets */; };
		DF0F84A72610044D008F7FB7 /* LaunchScreen.storyboard in Resources */ = {isa = PBXBuildFile; fileRef = DF0F84A52610044D008F7FB7 /* LaunchScreen.storyboard */; };
		DF0F84B22610044E008F7FB7 /* tigerconfessionTests.swift in Sources */ = {isa = PBXBuildFile; fileRef = DF0F84B12610044E008F7FB7 /* tigerconfessionTests.swift */; };
		DF0F84BD2610044E008F7FB7 /* tigerconfessionUITests.swift in Sources */ = {isa = PBXBuildFile; fileRef = DF0F84BC2610044E008F7FB7 /* tigerconfessionUITests.swift */; };
		DF0F84D126100539008F7FB7 /* UseragreementViewController.swift in Sources */ = {isa = PBXBuildFile; fileRef = DF0F84D026100539008F7FB7 /* UseragreementViewController.swift */; };
		DF3CCE5E26143590006D79D2 /* SearchViewController.swift in Sources */ = {isa = PBXBuildFile; fileRef = DF3CCE5D26143590006D79D2 /* SearchViewController.swift */; };
		DFEAA9F1261017F7009D1CFA /* NameViewController.swift in Sources */ = {isa = PBXBuildFile; fileRef = DFEAA9F0261017F7009D1CFA /* NameViewController.swift */; };
		DFEAA9F926102989009D1CFA /* ForgotPasswordViewController.swift in Sources */ = {isa = PBXBuildFile; fileRef = DFEAA9F826102989009D1CFA /* ForgotPasswordViewController.swift */; };
		DFEAAA0426103701009D1CFA /* UsernameViewController.swift in Sources */ = {isa = PBXBuildFile; fileRef = DFEAAA0326103701009D1CFA /* UsernameViewController.swift */; };
		DFEAAA14261045B6009D1CFA /* PasswordViewController.swift in Sources */ = {isa = PBXBuildFile; fileRef = DFEAAA13261045B6009D1CFA /* PasswordViewController.swift */; };
		DFEAAA1926105DC6009D1CFA /* MainPageViewController.swift in Sources */ = {isa = PBXBuildFile; fileRef = DFEAAA1826105DC6009D1CFA /* MainPageViewController.swift */; };
		DFEAAA292612CAA9009D1CFA /* AddConfession.swift in Sources */ = {isa = PBXBuildFile; fileRef = DFEAAA282612CAA9009D1CFA /* AddConfession.swift */; };
/* End PBXBuildFile section */

/* Begin PBXContainerItemProxy section */
		DF0F84AE2610044E008F7FB7 /* PBXContainerItemProxy */ = {
			isa = PBXContainerItemProxy;
			containerPortal = DF0F848F2610044C008F7FB7 /* Project object */;
			proxyType = 1;
			remoteGlobalIDString = DF0F84962610044C008F7FB7;
			remoteInfo = tigerconfession;
		};
		DF0F84B92610044E008F7FB7 /* PBXContainerItemProxy */ = {
			isa = PBXContainerItemProxy;
			containerPortal = DF0F848F2610044C008F7FB7 /* Project object */;
			proxyType = 1;
			remoteGlobalIDString = DF0F84962610044C008F7FB7;
			remoteInfo = tigerconfession;
		};
/* End PBXContainerItemProxy section */

/* Begin PBXFileReference section */
		DF0F84972610044C008F7FB7 /* tigerconfession.app */ = {isa = PBXFileReference; explicitFileType = wrapper.application; includeInIndex = 0; path = tigerconfession.app; sourceTree = BUILT_PRODUCTS_DIR; };
		DF0F849A2610044C008F7FB7 /* AppDelegate.swift */ = {isa = PBXFileReference; lastKnownFileType = sourcecode.swift; path = AppDelegate.swift; sourceTree = "<group>"; };
		DF0F849C2610044C008F7FB7 /* SceneDelegate.swift */ = {isa = PBXFileReference; lastKnownFileType = sourcecode.swift; path = SceneDelegate.swift; sourceTree = "<group>"; };
		DF0F849E2610044C008F7FB7 /* IntroViewController.swift */ = {isa = PBXFileReference; lastKnownFileType = sourcecode.swift; path = IntroViewController.swift; sourceTree = "<group>"; };
		DF0F84A12610044C008F7FB7 /* Base */ = {isa = PBXFileReference; lastKnownFileType = file.storyboard; name = Base; path = Base.lproj/Main.storyboard; sourceTree = "<group>"; };
		DF0F84A32610044D008F7FB7 /* Assets.xcassets */ = {isa = PBXFileReference; lastKnownFileType = folder.assetcatalog; path = Assets.xcassets; sourceTree = "<group>"; };
		DF0F84A62610044D008F7FB7 /* Base */ = {isa = PBXFileReference; lastKnownFileType = file.storyboard; name = Base; path = Base.lproj/LaunchScreen.storyboard; sourceTree = "<group>"; };
		DF0F84A82610044D008F7FB7 /* Info.plist */ = {isa = PBXFileReference; lastKnownFileType = text.plist.xml; path = Info.plist; sourceTree = "<group>"; };
		DF0F84AD2610044E008F7FB7 /* tigerconfessionTests.xctest */ = {isa = PBXFileReference; explicitFileType = wrapper.cfbundle; includeInIndex = 0; path = tigerconfessionTests.xctest; sourceTree = BUILT_PRODUCTS_DIR; };
		DF0F84B12610044E008F7FB7 /* tigerconfessionTests.swift */ = {isa = PBXFileReference; lastKnownFileType = sourcecode.swift; path = tigerconfessionTests.swift; sourceTree = "<group>"; };
		DF0F84B32610044E008F7FB7 /* Info.plist */ = {isa = PBXFileReference; lastKnownFileType = text.plist.xml; path = Info.plist; sourceTree = "<group>"; };
		DF0F84B82610044E008F7FB7 /* tigerconfessionUITests.xctest */ = {isa = PBXFileReference; explicitFileType = wrapper.cfbundle; includeInIndex = 0; path = tigerconfessionUITests.xctest; sourceTree = BUILT_PRODUCTS_DIR; };
		DF0F84BC2610044E008F7FB7 /* tigerconfessionUITests.swift */ = {isa = PBXFileReference; lastKnownFileType = sourcecode.swift; path = tigerconfessionUITests.swift; sourceTree = "<group>"; };
		DF0F84BE2610044E008F7FB7 /* Info.plist */ = {isa = PBXFileReference; lastKnownFileType = text.plist.xml; path = Info.plist; sourceTree = "<group>"; };
		DF0F84D026100539008F7FB7 /* UseragreementViewController.swift */ = {isa = PBXFileReference; lastKnownFileType = sourcecode.swift; path = UseragreementViewController.swift; sourceTree = "<group>"; };
		DF3CCE5D26143590006D79D2 /* SearchViewController.swift */ = {isa = PBXFileReference; lastKnownFileType = sourcecode.swift; path = SearchViewController.swift; sourceTree = "<group>"; };
		DFEAA9F0261017F7009D1CFA /* NameViewController.swift */ = {isa = PBXFileReference; lastKnownFileType = sourcecode.swift; path = NameViewController.swift; sourceTree = "<group>"; };
		DFEAA9F826102989009D1CFA /* ForgotPasswordViewController.swift */ = {isa = PBXFileReference; lastKnownFileType = sourcecode.swift; path = ForgotPasswordViewController.swift; sourceTree = "<group>"; };
		DFEAAA0326103701009D1CFA /* UsernameViewController.swift */ = {isa = PBXFileReference; lastKnownFileType = sourcecode.swift; path = UsernameViewController.swift; sourceTree = "<group>"; };
		DFEAAA13261045B6009D1CFA /* PasswordViewController.swift */ = {isa = PBXFileReference; lastKnownFileType = sourcecode.swift; path = PasswordViewController.swift; sourceTree = "<group>"; };
		DFEAAA1826105DC6009D1CFA /* MainPageViewController.swift */ = {isa = PBXFileReference; lastKnownFileType = sourcecode.swift; path = MainPageViewController.swift; sourceTree = "<group>"; };
		DFEAAA282612CAA9009D1CFA /* AddConfession.swift */ = {isa = PBXFileReference; lastKnownFileType = sourcecode.swift; path = AddConfession.swift; sourceTree = "<group>"; };
/* End PBXFileReference section */

/* Begin PBXFrameworksBuildPhase section */
		DF0F84942610044C008F7FB7 /* Frameworks */ = {
			isa = PBXFrameworksBuildPhase;
			buildActionMask = 2147483647;
			files = (
			);
			runOnlyForDeploymentPostprocessing = 0;
		};
		DF0F84AA2610044E008F7FB7 /* Frameworks */ = {
			isa = PBXFrameworksBuildPhase;
			buildActionMask = 2147483647;
			files = (
			);
			runOnlyForDeploymentPostprocessing = 0;
		};
		DF0F84B52610044E008F7FB7 /* Frameworks */ = {
			isa = PBXFrameworksBuildPhase;
			buildActionMask = 2147483647;
			files = (
			);
			runOnlyForDeploymentPostprocessing = 0;
		};
/* End PBXFrameworksBuildPhase section */

/* Begin PBXGroup section */
		DF0F848E2610044C008F7FB7 = {
			isa = PBXGroup;
			children = (
				DF0F84992610044C008F7FB7 /* tigerconfession */,
				DF0F84B02610044E008F7FB7 /* tigerconfessionTests */,
				DF0F84BB2610044E008F7FB7 /* tigerconfessionUITests */,
				DF0F84982610044C008F7FB7 /* Products */,
			);
			sourceTree = "<group>";
		};
		DF0F84982610044C008F7FB7 /* Products */ = {
			isa = PBXGroup;
			children = (
				DF0F84972610044C008F7FB7 /* tigerconfession.app */,
				DF0F84AD2610044E008F7FB7 /* tigerconfessionTests.xctest */,
				DF0F84B82610044E008F7FB7 /* tigerconfessionUITests.xctest */,
			);
			name = Products;
			sourceTree = "<group>";
		};
		DF0F84992610044C008F7FB7 /* tigerconfession */ = {
			isa = PBXGroup;
			children = (
				DF0F849A2610044C008F7FB7 /* AppDelegate.swift */,
				DF0F849C2610044C008F7FB7 /* SceneDelegate.swift */,
				DF0F849E2610044C008F7FB7 /* IntroViewController.swift */,
				DF0F84D026100539008F7FB7 /* UseragreementViewController.swift */,
				DFEAA9F826102989009D1CFA /* ForgotPasswordViewController.swift */,
				DF0F84A02610044C008F7FB7 /* Main.storyboard */,
				DF3CCE5D26143590006D79D2 /* SearchViewController.swift */,
				DFEAAA1826105DC6009D1CFA /* MainPageViewController.swift */,
				DFEAAA282612CAA9009D1CFA /* AddConfession.swift */,
				DFEAAA13261045B6009D1CFA /* PasswordViewController.swift */,
				DFEAA9F0261017F7009D1CFA /* NameViewController.swift */,
				DFEAAA0326103701009D1CFA /* UsernameViewController.swift */,
				DF0F84A32610044D008F7FB7 /* Assets.xcassets */,
				DF0F84A52610044D008F7FB7 /* LaunchScreen.storyboard */,
				DF0F84A82610044D008F7FB7 /* Info.plist */,
			);
			path = tigerconfession;
			sourceTree = "<group>";
		};
		DF0F84B02610044E008F7FB7 /* tigerconfessionTests */ = {
			isa = PBXGroup;
			children = (
				DF0F84B12610044E008F7FB7 /* tigerconfessionTests.swift */,
				DF0F84B32610044E008F7FB7 /* Info.plist */,
			);
			path = tigerconfessionTests;
			sourceTree = "<group>";
		};
		DF0F84BB2610044E008F7FB7 /* tigerconfessionUITests */ = {
			isa = PBXGroup;
			children = (
				DF0F84BC2610044E008F7FB7 /* tigerconfessionUITests.swift */,
				DF0F84BE2610044E008F7FB7 /* Info.plist */,
			);
			path = tigerconfessionUITests;
			sourceTree = "<group>";
		};
/* End PBXGroup section */

/* Begin PBXNativeTarget section */
		DF0F84962610044C008F7FB7 /* tigerconfession */ = {
			isa = PBXNativeTarget;
			buildConfigurationList = DF0F84C12610044E008F7FB7 /* Build configuration list for PBXNativeTarget "tigerconfession" */;
			buildPhases = (
				DF0F84932610044C008F7FB7 /* Sources */,
				DF0F84942610044C008F7FB7 /* Frameworks */,
				DF0F84952610044C008F7FB7 /* Resources */,
			);
			buildRules = (
			);
			dependencies = (
			);
			name = tigerconfession;
			productName = tigerconfession;
			productReference = DF0F84972610044C008F7FB7 /* tigerconfession.app */;
			productType = "com.apple.product-type.application";
		};
		DF0F84AC2610044E008F7FB7 /* tigerconfessionTests */ = {
			isa = PBXNativeTarget;
			buildConfigurationList = DF0F84C42610044E008F7FB7 /* Build configuration list for PBXNativeTarget "tigerconfessionTests" */;
			buildPhases = (
				DF0F84A92610044E008F7FB7 /* Sources */,
				DF0F84AA2610044E008F7FB7 /* Frameworks */,
				DF0F84AB2610044E008F7FB7 /* Resources */,
			);
			buildRules = (
			);
			dependencies = (
				DF0F84AF2610044E008F7FB7 /* PBXTargetDependency */,
			);
			name = tigerconfessionTests;
			productName = tigerconfessionTests;
			productReference = DF0F84AD2610044E008F7FB7 /* tigerconfessionTests.xctest */;
			productType = "com.apple.product-type.bundle.unit-test";
		};
		DF0F84B72610044E008F7FB7 /* tigerconfessionUITests */ = {
			isa = PBXNativeTarget;
			buildConfigurationList = DF0F84C72610044E008F7FB7 /* Build configuration list for PBXNativeTarget "tigerconfessionUITests" */;
			buildPhases = (
				DF0F84B42610044E008F7FB7 /* Sources */,
				DF0F84B52610044E008F7FB7 /* Frameworks */,
				DF0F84B62610044E008F7FB7 /* Resources */,
			);
			buildRules = (
			);
			dependencies = (
				DF0F84BA2610044E008F7FB7 /* PBXTargetDependency */,
			);
			name = tigerconfessionUITests;
			productName = tigerconfessionUITests;
			productReference = DF0F84B82610044E008F7FB7 /* tigerconfessionUITests.xctest */;
			productType = "com.apple.product-type.bundle.ui-testing";
		};
/* End PBXNativeTarget section */

/* Begin PBXProject section */
		DF0F848F2610044C008F7FB7 /* Project object */ = {
			isa = PBXProject;
			attributes = {
				LastSwiftUpdateCheck = 1240;
				LastUpgradeCheck = 1240;
				TargetAttributes = {
					DF0F84962610044C008F7FB7 = {
						CreatedOnToolsVersion = 12.4;
					};
					DF0F84AC2610044E008F7FB7 = {
						CreatedOnToolsVersion = 12.4;
						TestTargetID = DF0F84962610044C008F7FB7;
					};
					DF0F84B72610044E008F7FB7 = {
						CreatedOnToolsVersion = 12.4;
						TestTargetID = DF0F84962610044C008F7FB7;
					};
				};
			};
			buildConfigurationList = DF0F84922610044C008F7FB7 /* Build configuration list for PBXProject "tigerconfession" */;
			compatibilityVersion = "Xcode 9.3";
			developmentRegion = en;
			hasScannedForEncodings = 0;
			knownRegions = (
				en,
				Base,
			);
			mainGroup = DF0F848E2610044C008F7FB7;
			productRefGroup = DF0F84982610044C008F7FB7 /* Products */;
			projectDirPath = "";
			projectRoot = "";
			targets = (
				DF0F84962610044C008F7FB7 /* tigerconfession */,
				DF0F84AC2610044E008F7FB7 /* tigerconfessionTests */,
				DF0F84B72610044E008F7FB7 /* tigerconfessionUITests */,
			);
		};
/* End PBXProject section */

/* Begin PBXResourcesBuildPhase section */
		DF0F84952610044C008F7FB7 /* Resources */ = {
			isa = PBXResourcesBuildPhase;
			buildActionMask = 2147483647;
			files = (
				DF0F84A72610044D008F7FB7 /* LaunchScreen.storyboard in Resources */,
				DF0F84A42610044D008F7FB7 /* Assets.xcassets in Resources */,
				DF0F84A22610044C008F7FB7 /* Main.storyboard in Resources */,
			);
			runOnlyForDeploymentPostprocessing = 0;
		};
		DF0F84AB2610044E008F7FB7 /* Resources */ = {
			isa = PBXResourcesBuildPhase;
			buildActionMask = 2147483647;
			files = (
			);
			runOnlyForDeploymentPostprocessing = 0;
		};
		DF0F84B62610044E008F7FB7 /* Resources */ = {
			isa = PBXResourcesBuildPhase;
			buildActionMask = 2147483647;
			files = (
			);
			runOnlyForDeploymentPostprocessing = 0;
		};
/* End PBXResourcesBuildPhase section */

/* Begin PBXSourcesBuildPhase section */
		DF0F84932610044C008F7FB7 /* Sources */ = {
			isa = PBXSourcesBuildPhase;
			buildActionMask = 2147483647;
			files = (
				DFEAAA0426103701009D1CFA /* UsernameViewController.swift in Sources */,
				DF3CCE5E26143590006D79D2 /* SearchViewController.swift in Sources */,
				DFEAAA14261045B6009D1CFA /* PasswordViewController.swift in Sources */,
				DF0F849F2610044C008F7FB7 /* IntroViewController.swift in Sources */,
				DFEAA9F926102989009D1CFA /* ForgotPasswordViewController.swift in Sources */,
				DFEAAA292612CAA9009D1CFA /* AddConfession.swift in Sources */,
				DF0F849B2610044C008F7FB7 /* AppDelegate.swift in Sources */,
				DF0F84D126100539008F7FB7 /* UseragreementViewController.swift in Sources */,
				DF0F849D2610044C008F7FB7 /* SceneDelegate.swift in Sources */,
				DFEAAA1926105DC6009D1CFA /* MainPageViewController.swift in Sources */,
				DFEAA9F1261017F7009D1CFA /* NameViewController.swift in Sources */,
			);
			runOnlyForDeploymentPostprocessing = 0;
		};
		DF0F84A92610044E008F7FB7 /* Sources */ = {
			isa = PBXSourcesBuildPhase;
			buildActionMask = 2147483647;
			files = (
				DF0F84B22610044E008F7FB7 /* tigerconfessionTests.swift in Sources */,
			);
			runOnlyForDeploymentPostprocessing = 0;
		};
		DF0F84B42610044E008F7FB7 /* Sources */ = {
			isa = PBXSourcesBuildPhase;
			buildActionMask = 2147483647;
			files = (
				DF0F84BD2610044E008F7FB7 /* tigerconfessionUITests.swift in Sources */,
			);
			runOnlyForDeploymentPostprocessing = 0;
		};
/* End PBXSourcesBuildPhase section */

/* Begin PBXTargetDependency section */
		DF0F84AF2610044E008F7FB7 /* PBXTargetDependency */ = {
			isa = PBXTargetDependency;
			target = DF0F84962610044C008F7FB7 /* tigerconfession */;
			targetProxy = DF0F84AE2610044E008F7FB7 /* PBXContainerItemProxy */;
		};
		DF0F84BA2610044E008F7FB7 /* PBXTargetDependency */ = {
			isa = PBXTargetDependency;
			target = DF0F84962610044C008F7FB7 /* tigerconfession */;
			targetProxy = DF0F84B92610044E008F7FB7 /* PBXContainerItemProxy */;
		};
/* End PBXTargetDependency section */

/* Begin PBXVariantGroup section */
		DF0F84A02610044C008F7FB7 /* Main.storyboard */ = {
			isa = PBXVariantGroup;
			children = (
				DF0F84A12610044C008F7FB7 /* Base */,
			);
			name = Main.storyboard;
			sourceTree = "<group>";
		};
		DF0F84A52610044D008F7FB7 /* LaunchScreen.storyboard */ = {
			isa = PBXVariantGroup;
			children = (
				DF0F84A62610044D008F7FB7 /* Base */,
			);
			name = LaunchScreen.storyboard;
			sourceTree = "<group>";
		};
/* End PBXVariantGroup section */

/* Begin XCBuildConfiguration section */
		DF0F84BF2610044E008F7FB7 /* Debug */ = {
			isa = XCBuildConfiguration;
			buildSettings = {
				ALWAYS_SEARCH_USER_PATHS = NO;
				CLANG_ANALYZER_NONNULL = YES;
				CLANG_ANALYZER_NUMBER_OBJECT_CONVERSION = YES_AGGRESSIVE;
				CLANG_CXX_LANGUAGE_STANDARD = "gnu++14";
				CLANG_CXX_LIBRARY = "libc++";
				CLANG_ENABLE_MODULES = YES;
				CLANG_ENABLE_OBJC_ARC = YES;
				CLANG_ENABLE_OBJC_WEAK = YES;
				CLANG_WARN_BLOCK_CAPTURE_AUTORELEASING = YES;
				CLANG_WARN_BOOL_CONVERSION = YES;
				CLANG_WARN_COMMA = YES;
				CLANG_WARN_CONSTANT_CONVERSION = YES;
				CLANG_WARN_DEPRECATED_OBJC_IMPLEMENTATIONS = YES;
				CLANG_WARN_DIRECT_OBJC_ISA_USAGE = YES_ERROR;
				CLANG_WARN_DOCUMENTATION_COMMENTS = YES;
				CLANG_WARN_EMPTY_BODY = YES;
				CLANG_WARN_ENUM_CONVERSION = YES;
				CLANG_WARN_INFINITE_RECURSION = YES;
				CLANG_WARN_INT_CONVERSION = YES;
				CLANG_WARN_NON_LITERAL_NULL_CONVERSION = YES;
				CLANG_WARN_OBJC_IMPLICIT_RETAIN_SELF = YES;
				CLANG_WARN_OBJC_LITERAL_CONVERSION = YES;
				CLANG_WARN_OBJC_ROOT_CLASS = YES_ERROR;
				CLANG_WARN_QUOTED_INCLUDE_IN_FRAMEWORK_HEADER = YES;
				CLANG_WARN_RANGE_LOOP_ANALYSIS = YES;
				CLANG_WARN_STRICT_PROTOTYPES = YES;
				CLANG_WARN_SUSPICIOUS_MOVE = YES;
				CLANG_WARN_UNGUARDED_AVAILABILITY = YES_AGGRESSIVE;
				CLANG_WARN_UNREACHABLE_CODE = YES;
				CLANG_WARN__DUPLICATE_METHOD_MATCH = YES;
				COPY_PHASE_STRIP = NO;
				DEBUG_INFORMATION_FORMAT = dwarf;
				ENABLE_STRICT_OBJC_MSGSEND = YES;
				ENABLE_TESTABILITY = YES;
				GCC_C_LANGUAGE_STANDARD = gnu11;
				GCC_DYNAMIC_NO_PIC = NO;
				GCC_NO_COMMON_BLOCKS = YES;
				GCC_OPTIMIZATION_LEVEL = 0;
				GCC_PREPROCESSOR_DEFINITIONS = (
					"DEBUG=1",
					"$(inherited)",
				);
				GCC_WARN_64_TO_32_BIT_CONVERSION = YES;
				GCC_WARN_ABOUT_RETURN_TYPE = YES_ERROR;
				GCC_WARN_UNDECLARED_SELECTOR = YES;
				GCC_WARN_UNINITIALIZED_AUTOS = YES_AGGRESSIVE;
				GCC_WARN_UNUSED_FUNCTION = YES;
				GCC_WARN_UNUSED_VARIABLE = YES;
				IPHONEOS_DEPLOYMENT_TARGET = 14.4;
				MTL_ENABLE_DEBUG_INFO = INCLUDE_SOURCE;
				MTL_FAST_MATH = YES;
				ONLY_ACTIVE_ARCH = YES;
				SDKROOT = iphoneos;
				SWIFT_ACTIVE_COMPILATION_CONDITIONS = DEBUG;
				SWIFT_OPTIMIZATION_LEVEL = "-Onone";
			};
			name = Debug;
		};
		DF0F84C02610044E008F7FB7 /* Release */ = {
			isa = XCBuildConfiguration;
			buildSettings = {
				ALWAYS_SEARCH_USER_PATHS = NO;
				CLANG_ANALYZER_NONNULL = YES;
				CLANG_ANALYZER_NUMBER_OBJECT_CONVERSION = YES_AGGRESSIVE;
				CLANG_CXX_LANGUAGE_STANDARD = "gnu++14";
				CLANG_CXX_LIBRARY = "libc++";
				CLANG_ENABLE_MODULES = YES;
				CLANG_ENABLE_OBJC_ARC = YES;
				CLANG_ENABLE_OBJC_WEAK = YES;
				CLANG_WARN_BLOCK_CAPTURE_AUTORELEASING = YES;
				CLANG_WARN_BOOL_CONVERSION = YES;
				CLANG_WARN_COMMA = YES;
				CLANG_WARN_CONSTANT_CONVERSION = YES;
				CLANG_WARN_DEPRECATED_OBJC_IMPLEMENTATIONS = YES;
				CLANG_WARN_DIRECT_OBJC_ISA_USAGE = YES_ERROR;
				CLANG_WARN_DOCUMENTATION_COMMENTS = YES;
				CLANG_WARN_EMPTY_BODY = YES;
				CLANG_WARN_ENUM_CONVERSION = YES;
				CLANG_WARN_INFINITE_RECURSION = YES;
				CLANG_WARN_INT_CONVERSION = YES;
				CLANG_WARN_NON_LITERAL_NULL_CONVERSION = YES;
				CLANG_WARN_OBJC_IMPLICIT_RETAIN_SELF = YES;
				CLANG_WARN_OBJC_LITERAL_CONVERSION = YES;
				CLANG_WARN_OBJC_ROOT_CLASS = YES_ERROR;
				CLANG_WARN_QUOTED_INCLUDE_IN_FRAMEWORK_HEADER = YES;
				CLANG_WARN_RANGE_LOOP_ANALYSIS = YES;
				CLANG_WARN_STRICT_PROTOTYPES = YES;
				CLANG_WARN_SUSPICIOUS_MOVE = YES;
				CLANG_WARN_UNGUARDED_AVAILABILITY = YES_AGGRESSIVE;
				CLANG_WARN_UNREACHABLE_CODE = YES;
				CLANG_WARN__DUPLICATE_METHOD_MATCH = YES;
				COPY_PHASE_STRIP = NO;
				DEBUG_INFORMATION_FORMAT = "dwarf-with-dsym";
				ENABLE_NS_ASSERTIONS = NO;
				ENABLE_STRICT_OBJC_MSGSEND = YES;
				GCC_C_LANGUAGE_STANDARD = gnu11;
				GCC_NO_COMMON_BLOCKS = YES;
				GCC_WARN_64_TO_32_BIT_CONVERSION = YES;
				GCC_WARN_ABOUT_RETURN_TYPE = YES_ERROR;
				GCC_WARN_UNDECLARED_SELECTOR = YES;
				GCC_WARN_UNINITIALIZED_AUTOS = YES_AGGRESSIVE;
				GCC_WARN_UNUSED_FUNCTION = YES;
				GCC_WARN_UNUSED_VARIABLE = YES;
				IPHONEOS_DEPLOYMENT_TARGET = 14.4;
				MTL_ENABLE_DEBUG_INFO = NO;
				MTL_FAST_MATH = YES;
				SDKROOT = iphoneos;
				SWIFT_COMPILATION_MODE = wholemodule;
				SWIFT_OPTIMIZATION_LEVEL = "-O";
				VALIDATE_PRODUCT = YES;
			};
			name = Release;
		};
		DF0F84C22610044E008F7FB7 /* Debug */ = {
			isa = XCBuildConfiguration;
			buildSettings = {
				ASSETCATALOG_COMPILER_APPICON_NAME = AppIcon;
				ASSETCATALOG_COMPILER_GLOBAL_ACCENT_COLOR_NAME = AccentColor;
				CODE_SIGN_STYLE = Automatic;
				DEVELOPMENT_TEAM = 474SWCUFV3;
				INFOPLIST_FILE = tigerconfession/Info.plist;
				LD_RUNPATH_SEARCH_PATHS = (
					"$(inherited)",
					"@executable_path/Frameworks",
				);
				PRODUCT_BUNDLE_IDENTIFIER = "Reuben-Agogoe.tigerconfession";
				PRODUCT_NAME = "$(TARGET_NAME)";
				SWIFT_VERSION = 5.0;
				TARGETED_DEVICE_FAMILY = "1,2";
			};
			name = Debug;
		};
		DF0F84C32610044E008F7FB7 /* Release */ = {
			isa = XCBuildConfiguration;
			buildSettings = {
				ASSETCATALOG_COMPILER_APPICON_NAME = AppIcon;
				ASSETCATALOG_COMPILER_GLOBAL_ACCENT_COLOR_NAME = AccentColor;
				CODE_SIGN_STYLE = Automatic;
				DEVELOPMENT_TEAM = 474SWCUFV3;
				INFOPLIST_FILE = tigerconfession/Info.plist;
				LD_RUNPATH_SEARCH_PATHS = (
					"$(inherited)",
					"@executable_path/Frameworks",
				);
				PRODUCT_BUNDLE_IDENTIFIER = "Reuben-Agogoe.tigerconfession";
				PRODUCT_NAME = "$(TARGET_NAME)";
				SWIFT_VERSION = 5.0;
				TARGETED_DEVICE_FAMILY = "1,2";
			};
			name = Release;
		};
		DF0F84C52610044E008F7FB7 /* Debug */ = {
			isa = XCBuildConfiguration;
			buildSettings = {
				ALWAYS_EMBED_SWIFT_STANDARD_LIBRARIES = YES;
				BUNDLE_LOADER = "$(TEST_HOST)";
				CODE_SIGN_STYLE = Automatic;
				DEVELOPMENT_TEAM = 474SWCUFV3;
				INFOPLIST_FILE = tigerconfessionTests/Info.plist;
				IPHONEOS_DEPLOYMENT_TARGET = 14.4;
				LD_RUNPATH_SEARCH_PATHS = (
					"$(inherited)",
					"@executable_path/Frameworks",
					"@loader_path/Frameworks",
				);
				PRODUCT_BUNDLE_IDENTIFIER = "Reuben-Agogoe.tigerconfessionTests";
				PRODUCT_NAME = "$(TARGET_NAME)";
				SWIFT_VERSION = 5.0;
				TARGETED_DEVICE_FAMILY = "1,2";
				TEST_HOST = "$(BUILT_PRODUCTS_DIR)/tigerconfession.app/tigerconfession";
			};
			name = Debug;
		};
		DF0F84C62610044E008F7FB7 /* Release */ = {
			isa = XCBuildConfiguration;
			buildSettings = {
				ALWAYS_EMBED_SWIFT_STANDARD_LIBRARIES = YES;
				BUNDLE_LOADER = "$(TEST_HOST)";
				CODE_SIGN_STYLE = Automatic;
				DEVELOPMENT_TEAM = 474SWCUFV3;
				INFOPLIST_FILE = tigerconfessionTests/Info.plist;
				IPHONEOS_DEPLOYMENT_TARGET = 14.4;
				LD_RUNPATH_SEARCH_PATHS = (
					"$(inherited)",
					"@executable_path/Frameworks",
					"@loader_path/Frameworks",
				);
				PRODUCT_BUNDLE_IDENTIFIER = "Reuben-Agogoe.tigerconfessionTests";
				PRODUCT_NAME = "$(TARGET_NAME)";
				SWIFT_VERSION = 5.0;
				TARGETED_DEVICE_FAMILY = "1,2";
				TEST_HOST = "$(BUILT_PRODUCTS_DIR)/tigerconfession.app/tigerconfession";
			};
			name = Release;
		};
		DF0F84C82610044E008F7FB7 /* Debug */ = {
			isa = XCBuildConfiguration;
			buildSettings = {
				ALWAYS_EMBED_SWIFT_STANDARD_LIBRARIES = YES;
				CODE_SIGN_STYLE = Automatic;
				DEVELOPMENT_TEAM = 474SWCUFV3;
				INFOPLIST_FILE = tigerconfessionUITests/Info.plist;
				LD_RUNPATH_SEARCH_PATHS = (
					"$(inherited)",
					"@executable_path/Frameworks",
					"@loader_path/Frameworks",
				);
				PRODUCT_BUNDLE_IDENTIFIER = "Reuben-Agogoe.tigerconfessionUITests";
				PRODUCT_NAME = "$(TARGET_NAME)";
				SWIFT_VERSION = 5.0;
				TARGETED_DEVICE_FAMILY = "1,2";
				TEST_TARGET_NAME = tigerconfession;
			};
			name = Debug;
		};
		DF0F84C92610044E008F7FB7 /* Release */ = {
			isa = XCBuildConfiguration;
			buildSettings = {
				ALWAYS_EMBED_SWIFT_STANDARD_LIBRARIES = YES;
				CODE_SIGN_STYLE = Automatic;
				DEVELOPMENT_TEAM = 474SWCUFV3;
				INFOPLIST_FILE = tigerconfessionUITests/Info.plist;
				LD_RUNPATH_SEARCH_PATHS = (
					"$(inherited)",
					"@executable_path/Frameworks",
					"@loader_path/Frameworks",
				);
				PRODUCT_BUNDLE_IDENTIFIER = "Reuben-Agogoe.tigerconfessionUITests";
				PRODUCT_NAME = "$(TARGET_NAME)";
				SWIFT_VERSION = 5.0;
				TARGETED_DEVICE_FAMILY = "1,2";
				TEST_TARGET_NAME = tigerconfession;
			};
			name = Release;
		};
/* End XCBuildConfiguration section */

/* Begin XCConfigurationList section */
		DF0F84922610044C008F7FB7 /* Build configuration list for PBXProject "tigerconfession" */ = {
			isa = XCConfigurationList;
			buildConfigurations = (
				DF0F84BF2610044E008F7FB7 /* Debug */,
				DF0F84C02610044E008F7FB7 /* Release */,
			);
			defaultConfigurationIsVisible = 0;
			defaultConfigurationName = Release;
		};
		DF0F84C12610044E008F7FB7 /* Build configuration list for PBXNativeTarget "tigerconfession" */ = {
			isa = XCConfigurationList;
			buildConfigurations = (
				DF0F84C22610044E008F7FB7 /* Debug */,
				DF0F84C32610044E008F7FB7 /* Release */,
			);
			defaultConfigurationIsVisible = 0;
			defaultConfigurationName = Release;
		};
		DF0F84C42610044E008F7FB7 /* Build configuration list for PBXNativeTarget "tigerconfessionTests" */ = {
			isa = XCConfigurationList;
			buildConfigurations = (
				DF0F84C52610044E008F7FB7 /* Debug */,
				DF0F84C62610044E008F7FB7 /* Release */,
			);
			defaultConfigurationIsVisible = 0;
			defaultConfigurationName = Release;
		};
		DF0F84C72610044E008F7FB7 /* Build configuration list for PBXNativeTarget "tigerconfessionUITests" */ = {
			isa = XCConfigurationList;
			buildConfigurations = (
				DF0F84C82610044E008F7FB7 /* Debug */,
				DF0F84C92610044E008F7FB7 /* Release */,
			);
			defaultConfigurationIsVisible = 0;
			defaultConfigurationName = Release;
		};
/* End XCConfigurationList section */
	};
	rootObject = DF0F848F2610044C008F7FB7 /* Project object */;
}
